
Microsoft Visual Studio Solution File, Format Version 12.00
# Visual Studio Version 17
VisualStudioVersion = 17.13.35931.197 d17.13
MinimumVisualStudioVersion = 10.0.40219.1
Project("{FAE04EC0-301F-11D3-BF4B-00C04F79EFBC}") = "switch-case", "switch-case\switch-case.csproj", "{D28CE2D5-17AC-48DC-AF4E-77DCF6032348}"
EndProject
Global
	GlobalSection(SolutionConfigurationPlatforms) = preSolution
		Debug|Any CPU = Debug|Any CPU
		Release|Any CPU = Release|Any CPU
	EndGlobalSection
	GlobalSection(ProjectConfigurationPlatforms) = postSolution
		{D28CE2D5-17AC-48DC-AF4E-77DCF6032348}.Debug|Any CPU.ActiveCfg = Debug|Any CPU
		{D28CE2D5-17AC-48DC-AF4E-77DCF6032348}.Debug|Any CPU.Build.0 = Debug|Any CPU
		{D28CE2D5-17AC-48DC-AF4E-77DCF6032348}.Release|Any CPU.ActiveCfg = Release|Any CPU
		{D28CE2D5-17AC-48DC-AF4E-77DCF6032348}.Release|Any CPU.Build.0 = Release|Any CPU
	EndGlobalSection
	GlobalSection(SolutionProperties) = preSolution
		HideSolutionNode = FALSE
	EndGlobalSection
	GlobalSection(ExtensibilityGlobals) = postSolution
		SolutionGuid = {C2E90DDD-8774-48FF-AD5C-F3B9613BEFF1}
	EndGlobalSection
EndGlobal
