
Microsoft Visual Studio Solution File, Format Version 12.00
# Visual Studio Version 17
VisualStudioVersion = 17.13.35931.197 d17.13
MinimumVisualStudioVersion = 10.0.40219.1
Project("{FAE04EC0-301F-11D3-BF4B-00C04F79EFBC}") = "par-impar", "par-impar\par-impar.csproj", "{318912F3-D68C-44B8-89A5-3FC80B447C5E}"
EndProject
Global
	GlobalSection(SolutionConfigurationPlatforms) = preSolution
		Debug|Any CPU = Debug|Any CPU
		Release|Any CPU = Release|Any CPU
	EndGlobalSection
	GlobalSection(ProjectConfigurationPlatforms) = postSolution
		{318912F3-D68C-44B8-89A5-3FC80B447C5E}.Debug|Any CPU.ActiveCfg = Debug|Any CPU
		{318912F3-D68C-44B8-89A5-3FC80B447C5E}.Debug|Any CPU.Build.0 = Debug|Any CPU
		{318912F3-D68C-44B8-89A5-3FC80B447C5E}.Release|Any CPU.ActiveCfg = Release|Any CPU
		{318912F3-D68C-44B8-89A5-3FC80B447C5E}.Release|Any CPU.Build.0 = Release|Any CPU
	EndGlobalSection
	GlobalSection(SolutionProperties) = preSolution
		HideSolutionNode = FALSE
	EndGlobalSection
	GlobalSection(ExtensibilityGlobals) = postSolution
		SolutionGuid = {D9352757-A614-4110-A441-DD4DEA81C327}
	EndGlobalSection
EndGlobal
