
Microsoft Visual Studio Solution File, Format Version 12.00
# Visual Studio Version 17
VisualStudioVersion = 17.13.35931.197 d17.13
MinimumVisualStudioVersion = 10.0.40219.1
Project("{FAE04EC0-301F-11D3-BF4B-00C04F79EFBC}") = "livros-atraso", "livros-atraso\livros-atraso.csproj", "{01AF3D06-9AD1-4C42-B740-B82EB15DB245}"
EndProject
Global
	GlobalSection(SolutionConfigurationPlatforms) = preSolution
		Debug|Any CPU = Debug|Any CPU
		Release|Any CPU = Release|Any CPU
	EndGlobalSection
	GlobalSection(ProjectConfigurationPlatforms) = postSolution
		{01AF3D06-9AD1-4C42-B740-B82EB15DB245}.Debug|Any CPU.ActiveCfg = Debug|Any CPU
		{01AF3D06-9AD1-4C42-B740-B82EB15DB245}.Debug|Any CPU.Build.0 = Debug|Any CPU
		{01AF3D06-9AD1-4C42-B740-B82EB15DB245}.Release|Any CPU.ActiveCfg = Release|Any CPU
		{01AF3D06-9AD1-4C42-B740-B82EB15DB245}.Release|Any CPU.Build.0 = Release|Any CPU
	EndGlobalSection
	GlobalSection(SolutionProperties) = preSolution
		HideSolutionNode = FALSE
	EndGlobalSection
	GlobalSection(ExtensibilityGlobals) = postSolution
		SolutionGuid = {70D0B91E-E20C-4BCF-BB12-66EAA4A8602F}
	EndGlobalSection
EndGlobal
