
Microsoft Visual Studio Solution File, Format Version 12.00
# Visual Studio Version 17
VisualStudioVersion = 17.13.35931.197 d17.13
MinimumVisualStudioVersion = 10.0.40219.1
Project("{FAE04EC0-301F-11D3-BF4B-00C04F79EFBC}") = "caracteres2", "caracteres2\caracteres2.csproj", "{7C86C97C-4E54-465F-9CFF-344E22D0C272}"
EndProject
Global
	GlobalSection(SolutionConfigurationPlatforms) = preSolution
		Debug|Any CPU = Debug|Any CPU
		Release|Any CPU = Release|Any CPU
	EndGlobalSection
	GlobalSection(ProjectConfigurationPlatforms) = postSolution
		{7C86C97C-4E54-465F-9CFF-344E22D0C272}.Debug|Any CPU.ActiveCfg = Debug|Any CPU
		{7C86C97C-4E54-465F-9CFF-344E22D0C272}.Debug|Any CPU.Build.0 = Debug|Any CPU
		{7C86C97C-4E54-465F-9CFF-344E22D0C272}.Release|Any CPU.ActiveCfg = Release|Any CPU
		{7C86C97C-4E54-465F-9CFF-344E22D0C272}.Release|Any CPU.Build.0 = Release|Any CPU
	EndGlobalSection
	GlobalSection(SolutionProperties) = preSolution
		HideSolutionNode = FALSE
	EndGlobalSection
	GlobalSection(ExtensibilityGlobals) = postSolution
		SolutionGuid = {541B69E5-1502-46B4-A109-F93FB182FE11}
	EndGlobalSection
EndGlobal
