
Microsoft Visual Studio Solution File, Format Version 12.00
# Visual Studio Version 17
VisualStudioVersion = 17.13.35931.197 d17.13
MinimumVisualStudioVersion = 10.0.40219.1
Project("{FAE04EC0-301F-11D3-BF4B-00C04F79EFBC}") = "calculadora", "calculadora\calculadora.csproj", "{EB10F33D-DE44-4FBE-91FF-158FAAC10574}"
EndProject
Global
	GlobalSection(SolutionConfigurationPlatforms) = preSolution
		Debug|Any CPU = Debug|Any CPU
		Release|Any CPU = Release|Any CPU
	EndGlobalSection
	GlobalSection(ProjectConfigurationPlatforms) = postSolution
		{EB10F33D-DE44-4FBE-91FF-158FAAC10574}.Debug|Any CPU.ActiveCfg = Debug|Any CPU
		{EB10F33D-DE44-4FBE-91FF-158FAAC10574}.Debug|Any CPU.Build.0 = Debug|Any CPU
		{EB10F33D-DE44-4FBE-91FF-158FAAC10574}.Release|Any CPU.ActiveCfg = Release|Any CPU
		{EB10F33D-DE44-4FBE-91FF-158FAAC10574}.Release|Any CPU.Build.0 = Release|Any CPU
	EndGlobalSection
	GlobalSection(SolutionProperties) = preSolution
		HideSolutionNode = FALSE
	EndGlobalSection
	GlobalSection(ExtensibilityGlobals) = postSolution
		SolutionGuid = {20E256A6-75F6-49F3-939B-A43C6FDD750E}
	EndGlobalSection
EndGlobal
