
Microsoft Visual Studio Solution File, Format Version 12.00
# Visual Studio Version 17
VisualStudioVersion = 17.13.35931.197 d17.13
MinimumVisualStudioVersion = 10.0.40219.1
Project("{FAE04EC0-301F-11D3-BF4B-00C04F79EFBC}") = "multiplicacao-matrizes", "multiplicacao-matrizes\multiplicacao-matrizes.csproj", "{FC9C28F7-2732-49D2-89A6-62AD9203F14D}"
EndProject
Global
	GlobalSection(SolutionConfigurationPlatforms) = preSolution
		Debug|Any CPU = Debug|Any CPU
		Release|Any CPU = Release|Any CPU
	EndGlobalSection
	GlobalSection(ProjectConfigurationPlatforms) = postSolution
		{FC9C28F7-2732-49D2-89A6-62AD9203F14D}.Debug|Any CPU.ActiveCfg = Debug|Any CPU
		{FC9C28F7-2732-49D2-89A6-62AD9203F14D}.Debug|Any CPU.Build.0 = Debug|Any CPU
		{FC9C28F7-2732-49D2-89A6-62AD9203F14D}.Release|Any CPU.ActiveCfg = Release|Any CPU
		{FC9C28F7-2732-49D2-89A6-62AD9203F14D}.Release|Any CPU.Build.0 = Release|Any CPU
	EndGlobalSection
	GlobalSection(SolutionProperties) = preSolution
		HideSolutionNode = FALSE
	EndGlobalSection
	GlobalSection(ExtensibilityGlobals) = postSolution
		SolutionGuid = {B28D6FBB-30A8-4829-8628-1DD0540507CA}
	EndGlobalSection
EndGlobal
